{
  "name": "psd2desc",
  "version": "1.0.0",
  "lockfileVersion": 3,
  "requires": true,
  "packages": {
    "": {
      "name": "psd2desc",
      "version": "1.0.0",
      "dependencies": {
        "fs-extra": "^11.3.1",
        "pngjs": "^7.0.0",
        "psd": "^3.4.0"
      }
    },
    "node_modules/coffee-script": {
      "version": "1.7.1",
      "resolved": "https://registry.npmjs.org/coffee-script/-/coffee-script-1.7.1.tgz",
      "integrity": "sha512-W3s+SROY73OmrSGtPTTW/2wp2rmW5vuh0/tUuCK1NvTuyzLOVPccIP9whmhZ4cYWcr2NJPNENZIFaAMkTD5G3w==",
      "deprecated": "CoffeeScript on NPM has moved to \"coffeescript\" (no hyphen)",
      "license": "MIT",
      "dependencies": {
        "mkdirp": "~0.3.5"
      },
      "bin": {
        "cake": "bin/cake",
        "coffee": "bin/coffee"
      },
      "engines": {
        "node": ">=0.8.0"
      }
    },
    "node_modules/coffeescript-module": {
      "version": "0.2.1",
      "resolved": "https://registry.npmjs.org/coffeescript-module/-/coffeescript-module-0.2.1.tgz",
      "integrity": "sha512-xVLuaDltmc5OnwvGd7/82U/kwQ0me09b66Ywg/N/KynmE41XTWbsl2+dCySOs3ixnjsy5xXOdM5BjIpjNUAQSg=="
    },
    "node_modules/fs-extra": {
      "version": "11.4.0",
      "resolved": "https://registry.npmjs.org/fs-extra/-/fs-extra-11.4.0.tgz",
      "integrity": "sha512-EQsFzMUJkCKGr1ePqlYADkIUmHW1s3ZXr5Yqy6wbGrfUCphpl2maM/kyOIRA2HpP3AaFQTZXD4ldjek+nccddA==",
      "license": "MIT",
      "dependencies": {
        "graceful-fs": "^4.2.0",
        "jsonfile": "^6.0.1",
        "universalify": "^2.0.0"
      },
      "engines": {
        "node": ">=14.14"
      }
    },
    "node_modules/graceful-fs": {
      "version": "4.2.11",
      "resolved": "https://registry.npmjs.org/graceful-fs/-/graceful-fs-4.2.11.tgz",
      "integrity": "sha512-RbJ5/jmFcNNCcDV5o9eTnBLJ/HszWV0P73bc+Ff4nS/rJj+YaS6IGyiOL0VoBYX+l1Wrl3k63h/KrH+nhJ0XvQ==",
      "license": "ISC"
    },
    "node_modules/iconv-lite": {
      "version": "0.4.24",
      "resolved": "https://registry.npmjs.org/iconv-lite/-/iconv-lite-0.4.24.tgz",
      "integrity": "sha512-v3MXnZAcvnywkTUEZomIActle7RXXeedOR31wwl7VlyoXO4Qi9arvSenNQWne1TcRwhCL1HwLI21bEqdpj8/rA==",
      "license": "MIT",
      "dependencies": {
        "safer-buffer": ">= 2.1.2 < 3"
      },
      "engines": {
        "node": ">=0.10.0"
      }
    },
    "node_modules/jsonfile": {
      "version": "6.2.1",
      "resolved": "https://registry.npmjs.org/jsonfile/-/jsonfile-6.2.1.tgz",
      "integrity": "sha512-zwOTdL3rFQ/lRdBnntKVOX6k5cKJwEc1HdilT71BWEu7J41gXIB2MRp+vxduPSwZJPWBxEzv4yH1wYLJGUHX4Q==",
      "license": "MIT",
      "dependencies": {
        "universalify": "^2.0.0"
      },
      "optionalDependencies": {
        "graceful-fs": "^4.1.6"
      }
    },
    "node_modules/jspack": {
      "version": "0.0.4",
      "resolved": "https://registry.npmjs.org/jspack/-/jspack-0.0.4.tgz",
      "integrity": "sha512-DC/lSTXYDDdYWzyY/9A1kMzp6Ov9mCRhZQ1cGg4te2w3y4/aKZTSspvbYN4LUsvSzMCb/H8z4TV9mYYW/bs3PQ=="
    },
    "node_modules/lodash": {
      "version": "4.17.23",
      "resolved": "https://registry.npmjs.org/lodash/-/lodash-4.17.23.tgz",
      "integrity": "sha512-LgVTMpQtIopCi79SJeDiP0TfWi5CNEc/L/aRdTh3yIvmZXTnheWpKjSZhnvMl8iXbC1tFg9gdHHDMLoV7CnG+w==",
      "license": "MIT"
    },
    "node_modules/mkdirp": {
      "version": "0.3.5",
      "resolved": "https://registry.npmjs.org/mkdirp/-/mkdirp-0.3.5.tgz",
      "integrity": "sha512-8OCq0De/h9ZxseqzCH8Kw/Filf5pF/vMI6+BH7Lu0jXz2pqYCjTAQRolSxRIi+Ax+oCCjlxoJMP0YQ4XlrQNHg==",
      "deprecated": "Legacy versions of mkdirp are no longer supported. Please update to mkdirp 1.x. (Note that the API surface has changed to use Promises in 1.x.)",
      "license": "MIT"
    },
    "node_modules/parse-engine-data": {
      "version": "0.1.2",
      "resolved": "https://registry.npmjs.org/parse-engine-data/-/parse-engine-data-0.1.2.tgz",
      "integrity": "sha512-V3SuNul7Rd+8g2XDykqz1X/OJYD+VWmueHPza3fvEXdXbUqm6ohny0d7u5U8xcBrwkr7VpJc4FncP2vSpNt5vg==",
      "license": "MIT",
      "dependencies": {
        "iconv-lite": "^0.4.4"
      }
    },
    "node_modules/pngjs": {
      "version": "7.0.0",
      "resolved": "https://registry.npmjs.org/pngjs/-/pngjs-7.0.0.tgz",
      "integrity": "sha512-LKWqWJRhstyYo9pGvgor/ivk2w94eSjE3RGVuzLGlr3NmD8bf7RcYGze1mNdEHRP6TRP6rMuDHk5t44hnTRyow==",
      "license": "MIT",
      "engines": {
        "node": ">=14.19.0"
      }
    },
    "node_modules/psd": {
      "version": "3.4.0",
      "resolved": "https://registry.npmjs.org/psd/-/psd-3.4.0.tgz",
      "integrity": "sha512-LCPskSzQopgwOgFFaYbKgEzm8yOid0cT/GoA46yCnP1ZYTdmkm6cSQNa3x/3GcDX9IUatV+gRrf6RHskLGAdHQ==",
      "dependencies": {
        "coffee-script": "~ 1.7.1",
        "coffeescript-module": "~ 0.2.1",
        "iconv-lite": "~ 0.4.4",
        "jspack": "~ 0.0.3",
        "lodash": "~4.17.21",
        "parse-engine-data": "~ 0.1",
        "pngjs": "3.2.0",
        "rsvp": "~ 3.0.6"
      }
    },
    "node_modules/psd/node_modules/pngjs": {
      "version": "3.2.0",
      "resolved": "https://registry.npmjs.org/pngjs/-/pngjs-3.2.0.tgz",
      "integrity": "sha512-MCRe3RYxSIqrYgJjgo0DrYcsgN8oaMvR6RmBGo75rZQnQIYLisvvcP7eESsWHY9b7TcZPc9jtOWWwDrCQ6xc2A==",
      "license": "MIT",
      "engines": {
        "node": ">=4.0.0"
      }
    },
    "node_modules/rsvp": {
      "version": "3.0.21",
      "resolved": "https://registry.npmjs.org/rsvp/-/rsvp-3.0.21.tgz",
      "integrity": "sha512-D+v2iA91GqQ2C6E5StYdg1EN/FCFR27/3MoTa3A/yF2xwzU95o85MTgzReYhl82YnLK0eZwRHvyVEWeXjqbydQ==",
      "license": "MIT"
    },
    "node_modules/safer-buffer": {
      "version": "2.1.2",
      "resolved": "https://registry.npmjs.org/safer-buffer/-/safer-buffer-2.1.2.tgz",
      "integrity": "sha512-YZo3K82SD7Riyi0E1EQPojLz7kpepnSQI9IyPbHHg1XXXevb5dJI7tpyN2ADxGcQbHG7vcyRHk0cbwqcQriUtg==",
      "license": "MIT"
    },
    "node_modules/universalify": {
      "version": "2.0.1",
      "resolved": "https://registry.npmjs.org/universalify/-/universalify-2.0.1.tgz",
      "integrity": "sha512-gptHNQghINnc/vTGIk0SOFGFNXw7JVrlRUtConJRlvaw6DuX0wO5Jeko9sWrMBhh+PsYAZ7oXAiOnf/UKogyiw==",
      "license": "MIT",
      "engines": {
        "node": ">= 10.0.0"
      }
    }
  }
}
